
Microsoft Visual Studio Solution File, Format Version 12.00
# Visual Studio Version 17
VisualStudioVersion = 17.7.34009.444
MinimumVisualStudioVersion = 10.0.40219.1
Project("{9A19103F-16F7-4668-BE54-9A1E7A4F7556}") = "sepia-journal", "sepia-journal.csproj", "{D3BCCEEB-95D3-4D99-94E1-632F999B79AD}"
EndProject
Project("{FAE04EC0-301F-11D3-BF4B-00C04F79EFBC}") = "Tests", "Tests\Tests.csproj", "{C80DFBBA-8AEA-4D5B-97B0-B2E4302F9081}"
EndProject
Global
	GlobalSection(SolutionConfigurationPlatforms) = preSolution
		Debug|Any CPU = Debug|Any CPU
		Release|Any CPU = Release|Any CPU
	EndGlobalSection
	GlobalSection(ProjectConfigurationPlatforms) = postSolution
		{D3BCCEEB-95D3-4D99-94E1-632F999B79AD}.Debug|Any CPU.ActiveCfg = Debug|Any CPU
		{D3BCCEEB-95D3-4D99-94E1-632F999B79AD}.Debug|Any CPU.Build.0 = Debug|Any CPU
		{D3BCCEEB-95D3-4D99-94E1-632F999B79AD}.Release|Any CPU.ActiveCfg = Release|Any CPU
		{D3BCCEEB-95D3-4D99-94E1-632F999B79AD}.Release|Any CPU.Build.0 = Release|Any CPU
		{C80DFBBA-8AEA-4D5B-97B0-B2E4302F9081}.Debug|Any CPU.ActiveCfg = Debug|Any CPU
		{C80DFBBA-8AEA-4D5B-97B0-B2E4302F9081}.Debug|Any CPU.Build.0 = Debug|Any CPU
		{C80DFBBA-8AEA-4D5B-97B0-B2E4302F9081}.Release|Any CPU.ActiveCfg = Release|Any CPU
		{C80DFBBA-8AEA-4D5B-97B0-B2E4302F9081}.Release|Any CPU.Build.0 = Release|Any CPU
	EndGlobalSection
	GlobalSection(SolutionProperties) = preSolution
		HideSolutionNode = FALSE
	EndGlobalSection
	GlobalSection(ExtensibilityGlobals) = postSolution
		SolutionGuid = {88ABB6A7-B4F1-4B39-B0F9-0C512471B743}
	EndGlobalSection
EndGlobal
